{
  "name": "clickerbattles",
  "version": "1.0.0",
  "lockfileVersion": 3,
  "requires": true,
  "packages": {
    "": {
      "name": "clickerbattles",
      "version": "1.0.0",
      "license": "ISC",
      "dependencies": {
        "@capacitor/android": "^5.6.0",
        "cordova-plugin-screen-orientation": "^3.0.4"
      }
    },
    "node_modules/@capacitor/android": {
      "version": "5.6.0",
      "resolved": "https://registry.npmjs.org/@capacitor/android/-/android-5.6.0.tgz",
      "integrity": "sha512-6O7xV6K6c8WvQzKxOe7fnhRyoVpS3TNDXy1FyfhvOvclBvu+1JddSdFvW4e4dSL60s2c00sCzNRgYhm+cn0/dQ==",
      "peerDependencies": {
        "@capacitor/core": "^5.6.0"
      }
    },
    "node_modules/@capacitor/core": {
      "version": "5.6.0",
      "resolved": "https://registry.npmjs.org/@capacitor/core/-/core-5.6.0.tgz",
      "integrity": "sha512-xJhCOUGPHw0QYDA3YH+CmL6qiV9DH4Ij3yPxSenymjrtLuXI197u9ddCZwGEwgVIkh9kGZBBKzsNkn89SZ2gdQ==",
      "peer": true,
      "dependencies": {
        "tslib": "^2.1.0"
      }
    },
    "node_modules/cordova-plugin-screen-orientation": {
      "version": "3.0.4",
      "resolved": "https://registry.npmjs.org/cordova-plugin-screen-orientation/-/cordova-plugin-screen-orientation-3.0.4.tgz",
      "integrity": "sha512-AswRuUKJ8J3HycUilTJsIB50aa9TLrwndPNBFG+wfAPhHEqIBF0HaD0q3HbAK7ypgmaj0cvbzk84qP51IcTfrQ==",
      "engines": {
        "cordovaDependencies": {
          "4.0.0": {
            "cordova": ">100"
          }
        }
      }
    },
    "node_modules/tslib": {
      "version": "2.6.2",
      "resolved": "https://registry.npmjs.org/tslib/-/tslib-2.6.2.tgz",
      "integrity": "sha512-AEYxH93jGFPn/a2iVAwW87VuUIkR1FVUKB77NwMF7nBTDkDrrT/Hpt/IrCJ0QXhW27jTBDcf5ZY7w6RiqTMw2Q==",
      "peer": true
    }
  }
}
